
Microsoft Visual Studio Solution File, Format Version 12.00
Project("{2150E333-8FDC-42A3-9474-1A3956D46DE8}") = "src", "src", "{49994079-1098-4BC5-A9F3-A711DFE6E024}"
EndProject
Project("{FAE04EC0-301F-11D3-BF4B-00C04F79EFBC}") = "AustinS.TailwindCssTool", "src\AustinS.TailwindCssTool\AustinS.TailwindCssTool.csproj", "{E7B87320-3F57-4ADD-8DE3-329F277F78E8}"
EndProject
Project("{2150E333-8FDC-42A3-9474-1A3956D46DE8}") = "Solution Items", "Solution Items", "{8F064B9E-B296-48FB-981A-923CF5599768}"
	ProjectSection(SolutionItems) = preProject
		.editorconfig = .editorconfig
		.gitattributes = .gitattributes
		.gitignore = .gitignore
		Directory.Build.props = Directory.Build.props
		LICENSE = LICENSE
		README.md = README.md
		renovate.json = renovate.json
	EndProjectSection
EndProject
Project("{2150E333-8FDC-42A3-9474-1A3956D46DE8}") = ".github", ".github", "{709C01A0-B9E4-486D-91F3-38BA0558F562}"
EndProject
Project("{2150E333-8FDC-42A3-9474-1A3956D46DE8}") = "workflows", "workflows", "{B254A8E7-1CED-4A6B-B875-70ED320D8C5F}"
	ProjectSection(SolutionItems) = preProject
		.github\workflows\build.yml = .github\workflows\build.yml
		.github\workflows\pr.yml = .github\workflows\pr.yml
		.github\workflows\test.yml = .github\workflows\test.yml
	EndProjectSection
EndProject
Global
	GlobalSection(SolutionConfigurationPlatforms) = preSolution
		Debug|Any CPU = Debug|Any CPU
		Release|Any CPU = Release|Any CPU
	EndGlobalSection
	GlobalSection(ProjectConfigurationPlatforms) = postSolution
		{E7B87320-3F57-4ADD-8DE3-329F277F78E8}.Debug|Any CPU.ActiveCfg = Debug|Any CPU
		{E7B87320-3F57-4ADD-8DE3-329F277F78E8}.Debug|Any CPU.Build.0 = Debug|Any CPU
		{E7B87320-3F57-4ADD-8DE3-329F277F78E8}.Release|Any CPU.ActiveCfg = Release|Any CPU
		{E7B87320-3F57-4ADD-8DE3-329F277F78E8}.Release|Any CPU.Build.0 = Release|Any CPU
	EndGlobalSection
	GlobalSection(NestedProjects) = preSolution
		{E7B87320-3F57-4ADD-8DE3-329F277F78E8} = {49994079-1098-4BC5-A9F3-A711DFE6E024}
		{709C01A0-B9E4-486D-91F3-38BA0558F562} = {8F064B9E-B296-48FB-981A-923CF5599768}
		{B254A8E7-1CED-4A6B-B875-70ED320D8C5F} = {709C01A0-B9E4-486D-91F3-38BA0558F562}
	EndGlobalSection
EndGlobal
